// !$*UTF8*$!
{
	archiveVersion = 1;
	classes = {
	};
	objectVersion = 46;
	objects = {

/* Begin PBXBuildFile section */
		6D1195501D0E431E00202307 /* AppDelegate.swift in Sources */ = {isa = PBXBuildFile; fileRef = 6D11954F1D0E431E00202307 /* AppDelegate.swift */; };
		6D1195521D0E431E00202307 /* TravelLocationsMapViewController.swift in Sources */ = {isa = PBXBuildFile; fileRef = 6D1195511D0E431E00202307 /* TravelLocationsMapViewController.swift */; };
		6D1195551D0E431E00202307 /* Main.storyboard in Resources */ = {isa = PBXBuildFile; fileRef = 6D1195531D0E431E00202307 /* Main.storyboard */; };
		6D1195571D0E431E00202307 /* Assets.xcassets in Resources */ = {isa = PBXBuildFile; fileRef = 6D1195561D0E431E00202307 /* Assets.xcassets */; };
		6D11955A1D0E431E00202307 /* LaunchScreen.storyboard in Resources */ = {isa = PBXBuildFile; fileRef = 6D1195581D0E431E00202307 /* LaunchScreen.storyboard */; };
		6D1195651D0E431E00202307 /* VirtualTouristTests.swift in Sources */ = {isa = PBXBuildFile; fileRef = 6D1195641D0E431E00202307 /* VirtualTouristTests.swift */; };
		6D1195701D0E431E00202307 /* VirtualTouristUITests.swift in Sources */ = {isa = PBXBuildFile; fileRef = 6D11956F1D0E431E00202307 /* VirtualTouristUITests.swift */; };
		6D1195801D0E591400202307 /* CoreDataStack.swift in Sources */ = {isa = PBXBuildFile; fileRef = 6D11957F1D0E591400202307 /* CoreDataStack.swift */; };
		6D1195821D0E5FF000202307 /* Client.swift in Sources */ = {isa = PBXBuildFile; fileRef = 6D1195811D0E5FF000202307 /* Client.swift */; };
		6D1195841D0E600400202307 /* Client+Constants.swift in Sources */ = {isa = PBXBuildFile; fileRef = 6D1195831D0E600400202307 /* Client+Constants.swift */; };
		6D1195881D0E9B2000202307 /* Model.xcdatamodeld in Sources */ = {isa = PBXBuildFile; fileRef = 6D1195861D0E9B2000202307 /* Model.xcdatamodeld */; };
		6D11958A1D0E9FEF00202307 /* PhotoAlbumViewController.swift in Sources */ = {isa = PBXBuildFile; fileRef = 6D1195891D0E9FEF00202307 /* PhotoAlbumViewController.swift */; };
		6D11958F1D0EA6ED00202307 /* Photo+CoreDataProperties.swift in Sources */ = {isa = PBXBuildFile; fileRef = 6D11958B1D0EA6ED00202307 /* Photo+CoreDataProperties.swift */; };
		6D1195901D0EA6ED00202307 /* Photo.swift in Sources */ = {isa = PBXBuildFile; fileRef = 6D11958C1D0EA6ED00202307 /* Photo.swift */; };
		6D1195921D0EA6ED00202307 /* Pin.swift in Sources */ = {isa = PBXBuildFile; fileRef = 6D11958E1D0EA6ED00202307 /* Pin.swift */; };
		6D1195961D0EA78700202307 /* TravelLocationsMapViewController+Helpers.swift in Sources */ = {isa = PBXBuildFile; fileRef = 6D1195951D0EA78700202307 /* TravelLocationsMapViewController+Helpers.swift */; };
		6D1195981D0EA85C00202307 /* CoreDataViewController.swift in Sources */ = {isa = PBXBuildFile; fileRef = 6D1195971D0EA85C00202307 /* CoreDataViewController.swift */; };
		6D11959E1D0EAB5900202307 /* Pin+CoreDataProperties.swift in Sources */ = {isa = PBXBuildFile; fileRef = 6D11959A1D0EAB5900202307 /* Pin+CoreDataProperties.swift */; };
		6D1195A41D0EBBDD00202307 /* CoreDataStack+Utilities.swift in Sources */ = {isa = PBXBuildFile; fileRef = 6D1195A31D0EBBDD00202307 /* CoreDataStack+Utilities.swift */; };
/* End PBXBuildFile section */

/* Begin PBXContainerItemProxy section */
		6D1195611D0E431E00202307 /* PBXContainerItemProxy */ = {
			isa = PBXContainerItemProxy;
			containerPortal = 6D1195441D0E431E00202307 /* Project object */;
			proxyType = 1;
			remoteGlobalIDString = 6D11954B1D0E431E00202307;
			remoteInfo = VirtualTourist;
		};
		6D11956C1D0E431E00202307 /* PBXContainerItemProxy */ = {
			isa = PBXContainerItemProxy;
			containerPortal = 6D1195441D0E431E00202307 /* Project object */;
			proxyType = 1;
			remoteGlobalIDString = 6D11954B1D0E431E00202307;
			remoteInfo = VirtualTourist;
		};
/* End PBXContainerItemProxy section */

/* Begin PBXFileReference section */
		6D11954C1D0E431E00202307 /* VirtualTourist.app */ = {isa = PBXFileReference; explicitFileType = wrapper.application; includeInIndex = 0; path = VirtualTourist.app; sourceTree = BUILT_PRODUCTS_DIR; };
		6D11954F1D0E431E00202307 /* AppDelegate.swift */ = {isa = PBXFileReference; lastKnownFileType = sourcecode.swift; path = AppDelegate.swift; sourceTree = "<group>"; };
		6D1195511D0E431E00202307 /* TravelLocationsMapViewController.swift */ = {isa = PBXFileReference; lastKnownFileType = sourcecode.swift; path = TravelLocationsMapViewController.swift; sourceTree = "<group>"; };
		6D1195541D0E431E00202307 /* Base */ = {isa = PBXFileReference; lastKnownFileType = file.storyboard; name = Base; path = Base.lproj/Main.storyboard; sourceTree = "<group>"; };
		6D1195561D0E431E00202307 /* Assets.xcassets */ = {isa = PBXFileReference; lastKnownFileType = folder.assetcatalog; path = Assets.xcassets; sourceTree = "<group>"; };
		6D1195591D0E431E00202307 /* Base */ = {isa = PBXFileReference; lastKnownFileType = file.storyboard; name = Base; path = Base.lproj/LaunchScreen.storyboard; sourceTree = "<group>"; };
		6D11955B1D0E431E00202307 /* Info.plist */ = {isa = PBXFileReference; lastKnownFileType = text.plist.xml; path = Info.plist; sourceTree = "<group>"; };
		6D1195601D0E431E00202307 /* VirtualTouristTests.xctest */ = {isa = PBXFileReference; explicitFileType = wrapper.cfbundle; includeInIndex = 0; path = VirtualTouristTests.xctest; sourceTree = BUILT_PRODUCTS_DIR; };
		6D1195641D0E431E00202307 /* VirtualTouristTests.swift */ = {isa = PBXFileReference; lastKnownFileType = sourcecode.swift; path = VirtualTouristTests.swift; sourceTree = "<group>"; };
		6D1195661D0E431E00202307 /* Info.plist */ = {isa = PBXFileReference; lastKnownFileType = text.plist.xml; path = Info.plist; sourceTree = "<group>"; };
		6D11956B1D0E431E00202307 /* VirtualTouristUITests.xctest */ = {isa = PBXFileReference; explicitFileType = wrapper.cfbundle; includeInIndex = 0; path = VirtualTouristUITests.xctest; sourceTree = BUILT_PRODUCTS_DIR; };
		6D11956F1D0E431E00202307 /* VirtualTouristUITests.swift */ = {isa = PBXFileReference; lastKnownFileType = sourcecode.swift; path = VirtualTouristUITests.swift; sourceTree = "<group>"; };
		6D1195711D0E431E00202307 /* Info.plist */ = {isa = PBXFileReference; lastKnownFileType = text.plist.xml; path = Info.plist; sourceTree = "<group>"; };
		6D11957F1D0E591400202307 /* CoreDataStack.swift */ = {isa = PBXFileReference; fileEncoding = 4; lastKnownFileType = sourcecode.swift; path = CoreDataStack.swift; sourceTree = "<group>"; };
		6D1195811D0E5FF000202307 /* Client.swift */ = {isa = PBXFileReference; fileEncoding = 4; lastKnownFileType = sourcecode.swift; path = Client.swift; sourceTree = "<group>"; };
		6D1195831D0E600400202307 /* Client+Constants.swift */ = {isa = PBXFileReference; fileEncoding = 4; lastKnownFileType = sourcecode.swift; path = "Client+Constants.swift"; sourceTree = "<group>"; };
		6D1195871D0E9B2000202307 /* Model.xcdatamodel */ = {isa = PBXFileReference; lastKnownFileType = wrapper.xcdatamodel; path = Model.xcdatamodel; sourceTree = "<group>"; };
		6D1195891D0E9FEF00202307 /* PhotoAlbumViewController.swift */ = {isa = PBXFileReference; fileEncoding = 4; lastKnownFileType = sourcecode.swift; path = PhotoAlbumViewController.swift; sourceTree = "<group>"; };
		6D11958B1D0EA6ED00202307 /* Photo+CoreDataProperties.swift */ = {isa = PBXFileReference; fileEncoding = 4; lastKnownFileType = sourcecode.swift; path = "Photo+CoreDataProperties.swift"; sourceTree = "<group>"; };
		6D11958C1D0EA6ED00202307 /* Photo.swift */ = {isa = PBXFileReference; fileEncoding = 4; lastKnownFileType = sourcecode.swift; path = Photo.swift; sourceTree = "<group>"; };
		6D11958E1D0EA6ED00202307 /* Pin.swift */ = {isa = PBXFileReference; fileEncoding = 4; lastKnownFileType = sourcecode.swift; path = Pin.swift; sourceTree = "<group>"; };
		6D1195951D0EA78700202307 /* TravelLocationsMapViewController+Helpers.swift */ = {isa = PBXFileReference; fileEncoding = 4; lastKnownFileType = sourcecode.swift; path = "TravelLocationsMapViewController+Helpers.swift"; sourceTree = "<group>"; };
		6D1195971D0EA85C00202307 /* CoreDataViewController.swift */ = {isa = PBXFileReference; fileEncoding = 4; lastKnownFileType = sourcecode.swift; path = CoreDataViewController.swift; sourceTree = "<group>"; };
		6D1195991D0EAB3700202307 /* Model 2.xcdatamodel */ = {isa = PBXFileReference; lastKnownFileType = wrapper.xcdatamodel; path = "Model 2.xcdatamodel"; sourceTree = "<group>"; };
		6D11959A1D0EAB5900202307 /* Pin+CoreDataProperties.swift */ = {isa = PBXFileReference; fileEncoding = 4; lastKnownFileType = sourcecode.swift; name = "Pin+CoreDataProperties.swift"; path = "../Pin+CoreDataProperties.swift"; sourceTree = "<group>"; };
		6D1195A31D0EBBDD00202307 /* CoreDataStack+Utilities.swift */ = {isa = PBXFileReference; fileEncoding = 4; lastKnownFileType = sourcecode.swift; path = "CoreDataStack+Utilities.swift"; sourceTree = "<group>"; };
/* End PBXFileReference section */

/* Begin PBXFrameworksBuildPhase section */
		6D1195491D0E431E00202307 /* Frameworks */ = {
			isa = PBXFrameworksBuildPhase;
			buildActionMask = 2147483647;
			files = (
			);
			runOnlyForDeploymentPostprocessing = 0;
		};
		6D11955D1D0E431E00202307 /* Frameworks */ = {
			isa = PBXFrameworksBuildPhase;
			buildActionMask = 2147483647;
			files = (
			);
			runOnlyForDeploymentPostprocessing = 0;
		};
		6D1195681D0E431E00202307 /* Frameworks */ = {
			isa = PBXFrameworksBuildPhase;
			buildActionMask = 2147483647;
			files = (
			);
			runOnlyForDeploymentPostprocessing = 0;
		};
/* End PBXFrameworksBuildPhase section */

/* Begin PBXGroup section */
		6D1195431D0E431E00202307 = {
			isa = PBXGroup;
			children = (
				6D11954E1D0E431E00202307 /* VirtualTourist */,
				6D1195631D0E431E00202307 /* VirtualTouristTests */,
				6D11956E1D0E431E00202307 /* VirtualTouristUITests */,
				6D11954D1D0E431E00202307 /* Products */,
			);
			sourceTree = "<group>";
		};
		6D11954D1D0E431E00202307 /* Products */ = {
			isa = PBXGroup;
			children = (
				6D11954C1D0E431E00202307 /* VirtualTourist.app */,
				6D1195601D0E431E00202307 /* VirtualTouristTests.xctest */,
				6D11956B1D0E431E00202307 /* VirtualTouristUITests.xctest */,
			);
			name = Products;
			sourceTree = "<group>";
		};
		6D11954E1D0E431E00202307 /* VirtualTourist */ = {
			isa = PBXGroup;
			children = (
				6D11954F1D0E431E00202307 /* AppDelegate.swift */,
				6D11957E1D0E53B300202307 /* Models */,
				6D11957D1D0E539B00202307 /* Controllers */,
				6D1195531D0E431E00202307 /* Main.storyboard */,
				6D1195561D0E431E00202307 /* Assets.xcassets */,
				6D1195581D0E431E00202307 /* LaunchScreen.storyboard */,
				6D11955B1D0E431E00202307 /* Info.plist */,
			);
			path = VirtualTourist;
			sourceTree = "<group>";
		};
		6D1195631D0E431E00202307 /* VirtualTouristTests */ = {
			isa = PBXGroup;
			children = (
				6D1195641D0E431E00202307 /* VirtualTouristTests.swift */,
				6D1195661D0E431E00202307 /* Info.plist */,
			);
			path = VirtualTouristTests;
			sourceTree = "<group>";
		};
		6D11956E1D0E431E00202307 /* VirtualTouristUITests */ = {
			isa = PBXGroup;
			children = (
				6D11956F1D0E431E00202307 /* VirtualTouristUITests.swift */,
				6D1195711D0E431E00202307 /* Info.plist */,
			);
			path = VirtualTouristUITests;
			sourceTree = "<group>";
		};
		6D11957D1D0E539B00202307 /* Controllers */ = {
			isa = PBXGroup;
			children = (
				6D1195971D0EA85C00202307 /* CoreDataViewController.swift */,
				6D1195941D0EA75900202307 /* TravelLocationsMapViewController */,
				6D1195891D0E9FEF00202307 /* PhotoAlbumViewController.swift */,
			);
			name = Controllers;
			sourceTree = "<group>";
		};
		6D11957E1D0E53B300202307 /* Models */ = {
			isa = PBXGroup;
			children = (
				6D1195931D0EA6F200202307 /* CoreData */,
				6D1195851D0E60F000202307 /* Client */,
			);
			name = Models;
			sourceTree = "<group>";
		};
		6D1195851D0E60F000202307 /* Client */ = {
			isa = PBXGroup;
			children = (
				6D1195811D0E5FF000202307 /* Client.swift */,
				6D1195831D0E600400202307 /* Client+Constants.swift */,
			);
			name = Client;
			sourceTree = "<group>";
		};
		6D1195931D0EA6F200202307 /* CoreData */ = {
			isa = PBXGroup;
			children = (
				6D1195A21D0EBBC900202307 /* CoreDataStack */,
				6D11958B1D0EA6ED00202307 /* Photo+CoreDataProperties.swift */,
				6D11959A1D0EAB5900202307 /* Pin+CoreDataProperties.swift */,
				6D11958C1D0EA6ED00202307 /* Photo.swift */,
				6D11958E1D0EA6ED00202307 /* Pin.swift */,
				6D1195861D0E9B2000202307 /* Model.xcdatamodeld */,
			);
			name = CoreData;
			sourceTree = "<group>";
		};
		6D1195941D0EA75900202307 /* TravelLocationsMapViewController */ = {
			isa = PBXGroup;
			children = (
				6D1195511D0E431E00202307 /* TravelLocationsMapViewController.swift */,
				6D1195951D0EA78700202307 /* TravelLocationsMapViewController+Helpers.swift */,
			);
			name = TravelLocationsMapViewController;
			sourceTree = "<group>";
		};
		6D1195A21D0EBBC900202307 /* CoreDataStack */ = {
			isa = PBXGroup;
			children = (
				6D11957F1D0E591400202307 /* CoreDataStack.swift */,
				6D1195A31D0EBBDD00202307 /* CoreDataStack+Utilities.swift */,
			);
			name = CoreDataStack;
			sourceTree = "<group>";
		};
/* End PBXGroup section */

/* Begin PBXNativeTarget section */
		6D11954B1D0E431E00202307 /* VirtualTourist */ = {
			isa = PBXNativeTarget;
			buildConfigurationList = 6D1195741D0E431E00202307 /* Build configuration list for PBXNativeTarget "VirtualTourist" */;
			buildPhases = (
				6D1195481D0E431E00202307 /* Sources */,
				6D1195491D0E431E00202307 /* Frameworks */,
				6D11954A1D0E431E00202307 /* Resources */,
			);
			buildRules = (
			);
			dependencies = (
			);
			name = VirtualTourist;
			productName = VirtualTourist;
			productReference = 6D11954C1D0E431E00202307 /* VirtualTourist.app */;
			productType = "com.apple.product-type.application";
		};
		6D11955F1D0E431E00202307 /* VirtualTouristTests */ = {
			isa = PBXNativeTarget;
			buildConfigurationList = 6D1195771D0E431E00202307 /* Build configuration list for PBXNativeTarget "VirtualTouristTests" */;
			buildPhases = (
				6D11955C1D0E431E00202307 /* Sources */,
				6D11955D1D0E431E00202307 /* Frameworks */,
				6D11955E1D0E431E00202307 /* Resources */,
			);
			buildRules = (
			);
			dependencies = (
				6D1195621D0E431E00202307 /* PBXTargetDependency */,
			);
			name = VirtualTouristTests;
			productName = VirtualTouristTests;
			productReference = 6D1195601D0E431E00202307 /* VirtualTouristTests.xctest */;
			productType = "com.apple.product-type.bundle.unit-test";
		};
		6D11956A1D0E431E00202307 /* VirtualTouristUITests */ = {
			isa = PBXNativeTarget;
			buildConfigurationList = 6D11957A1D0E431E00202307 /* Build configuration list for PBXNativeTarget "VirtualTouristUITests" */;
			buildPhases = (
				6D1195671D0E431E00202307 /* Sources */,
				6D1195681D0E431E00202307 /* Frameworks */,
				6D1195691D0E431E00202307 /* Resources */,
			);
			buildRules = (
			);
			dependencies = (
				6D11956D1D0E431E00202307 /* PBXTargetDependency */,
			);
			name = VirtualTouristUITests;
			productName = VirtualTouristUITests;
			productReference = 6D11956B1D0E431E00202307 /* VirtualTouristUITests.xctest */;
			productType = "com.apple.product-type.bundle.ui-testing";
		};
/* End PBXNativeTarget section */

/* Begin PBXProject section */
		6D1195441D0E431E00202307 /* Project object */ = {
			isa = PBXProject;
			attributes = {
				LastSwiftUpdateCheck = 0730;
				LastUpgradeCheck = 0730;
				ORGANIZATIONNAME = "Edwin Chia";
				TargetAttributes = {
					6D11954B1D0E431E00202307 = {
						CreatedOnToolsVersion = 7.3.1;
					};
					6D11955F1D0E431E00202307 = {
						CreatedOnToolsVersion = 7.3.1;
						TestTargetID = 6D11954B1D0E431E00202307;
					};
					6D11956A1D0E431E00202307 = {
						CreatedOnToolsVersion = 7.3.1;
						TestTargetID = 6D11954B1D0E431E00202307;
					};
				};
			};
			buildConfigurationList = 6D1195471D0E431E00202307 /* Build configuration list for PBXProject "VirtualTourist" */;
			compatibilityVersion = "Xcode 3.2";
			developmentRegion = English;
			hasScannedForEncodings = 0;
			knownRegions = (
				en,
				Base,
			);
			mainGroup = 6D1195431D0E431E00202307;
			productRefGroup = 6D11954D1D0E431E00202307 /* Products */;
			projectDirPath = "";
			projectRoot = "";
			targets = (
				6D11954B1D0E431E00202307 /* VirtualTourist */,
				6D11955F1D0E431E00202307 /* VirtualTouristTests */,
				6D11956A1D0E431E00202307 /* VirtualTouristUITests */,
			);
		};
/* End PBXProject section */

/* Begin PBXResourcesBuildPhase section */
		6D11954A1D0E431E00202307 /* Resources */ = {
			isa = PBXResourcesBuildPhase;
			buildActionMask = 2147483647;
			files = (
				6D11955A1D0E431E00202307 /* LaunchScreen.storyboard in Resources */,
				6D1195571D0E431E00202307 /* Assets.xcassets in Resources */,
				6D1195551D0E431E00202307 /* Main.storyboard in Resources */,
			);
			runOnlyForDeploymentPostprocessing = 0;
		};
		6D11955E1D0E431E00202307 /* Resources */ = {
			isa = PBXResourcesBuildPhase;
			buildActionMask = 2147483647;
			files = (
			);
			runOnlyForDeploymentPostprocessing = 0;
		};
		6D1195691D0E431E00202307 /* Resources */ = {
			isa = PBXResourcesBuildPhase;
			buildActionMask = 2147483647;
			files = (
			);
			runOnlyForDeploymentPostprocessing = 0;
		};
/* End PBXResourcesBuildPhase section */

/* Begin PBXSourcesBuildPhase section */
		6D1195481D0E431E00202307 /* Sources */ = {
			isa = PBXSourcesBuildPhase;
			buildActionMask = 2147483647;
			files = (
				6D1195801D0E591400202307 /* CoreDataStack.swift in Sources */,
				6D1195981D0EA85C00202307 /* CoreDataViewController.swift in Sources */,
				6D1195921D0EA6ED00202307 /* Pin.swift in Sources */,
				6D11959E1D0EAB5900202307 /* Pin+CoreDataProperties.swift in Sources */,
				6D11958A1D0E9FEF00202307 /* PhotoAlbumViewController.swift in Sources */,
				6D1195521D0E431E00202307 /* TravelLocationsMapViewController.swift in Sources */,
				6D1195901D0EA6ED00202307 /* Photo.swift in Sources */,
				6D1195961D0EA78700202307 /* TravelLocationsMapViewController+Helpers.swift in Sources */,
				6D1195841D0E600400202307 /* Client+Constants.swift in Sources */,
				6D1195821D0E5FF000202307 /* Client.swift in Sources */,
				6D1195501D0E431E00202307 /* AppDelegate.swift in Sources */,
				6D11958F1D0EA6ED00202307 /* Photo+CoreDataProperties.swift in Sources */,
				6D1195881D0E9B2000202307 /* Model.xcdatamodeld in Sources */,
				6D1195A41D0EBBDD00202307 /* CoreDataStack+Utilities.swift in Sources */,
			);
			runOnlyForDeploymentPostprocessing = 0;
		};
		6D11955C1D0E431E00202307 /* Sources */ = {
			isa = PBXSourcesBuildPhase;
			buildActionMask = 2147483647;
			files = (
				6D1195651D0E431E00202307 /* VirtualTouristTests.swift in Sources */,
			);
			runOnlyForDeploymentPostprocessing = 0;
		};
		6D1195671D0E431E00202307 /* Sources */ = {
			isa = PBXSourcesBuildPhase;
			buildActionMask = 2147483647;
			files = (
				6D1195701D0E431E00202307 /* VirtualTouristUITests.swift in Sources */,
			);
			runOnlyForDeploymentPostprocessing = 0;
		};
/* End PBXSourcesBuildPhase section */

/* Begin PBXTargetDependency section */
		6D1195621D0E431E00202307 /* PBXTargetDependency */ = {
			isa = PBXTargetDependency;
			target = 6D11954B1D0E431E00202307 /* VirtualTourist */;
			targetProxy = 6D1195611D0E431E00202307 /* PBXContainerItemProxy */;
		};
		6D11956D1D0E431E00202307 /* PBXTargetDependency */ = {
			isa = PBXTargetDependency;
			target = 6D11954B1D0E431E00202307 /* VirtualTourist */;
			targetProxy = 6D11956C1D0E431E00202307 /* PBXContainerItemProxy */;
		};
/* End PBXTargetDependency section */

/* Begin PBXVariantGroup section */
		6D1195531D0E431E00202307 /* Main.storyboard */ = {
			isa = PBXVariantGroup;
			children = (
				6D1195541D0E431E00202307 /* Base */,
			);
			name = Main.storyboard;
			sourceTree = "<group>";
		};
		6D1195581D0E431E00202307 /* LaunchScreen.storyboard */ = {
			isa = PBXVariantGroup;
			children = (
				6D1195591D0E431E00202307 /* Base */,
			);
			name = LaunchScreen.storyboard;
			sourceTree = "<group>";
		};
/* End PBXVariantGroup section */

/* Begin XCBuildConfiguration section */
		6D1195721D0E431E00202307 /* Debug */ = {
			isa = XCBuildConfiguration;
			buildSettings = {
				ALWAYS_SEARCH_USER_PATHS = NO;
				CLANG_ANALYZER_NONNULL = YES;
				CLANG_CXX_LANGUAGE_STANDARD = "gnu++0x";
				CLANG_CXX_LIBRARY = "libc++";
				CLANG_ENABLE_MODULES = YES;
				CLANG_ENABLE_OBJC_ARC = YES;
				CLANG_WARN_BOOL_CONVERSION = YES;
				CLANG_WARN_CONSTANT_CONVERSION = YES;
				CLANG_WARN_DIRECT_OBJC_ISA_USAGE = YES_ERROR;
				CLANG_WARN_EMPTY_BODY = YES;
				CLANG_WARN_ENUM_CONVERSION = YES;
				CLANG_WARN_INT_CONVERSION = YES;
				CLANG_WARN_OBJC_ROOT_CLASS = YES_ERROR;
				CLANG_WARN_UNREACHABLE_CODE = YES;
				CLANG_WARN__DUPLICATE_METHOD_MATCH = YES;
				"CODE_SIGN_IDENTITY[sdk=iphoneos*]" = "iPhone Developer";
				COPY_PHASE_STRIP = NO;
				DEBUG_INFORMATION_FORMAT = dwarf;
				ENABLE_STRICT_OBJC_MSGSEND = YES;
				ENABLE_TESTABILITY = YES;
				GCC_C_LANGUAGE_STANDARD = gnu99;
				GCC_DYNAMIC_NO_PIC = NO;
				GCC_NO_COMMON_BLOCKS = YES;
				GCC_OPTIMIZATION_LEVEL = 0;
				GCC_PREPROCESSOR_DEFINITIONS = (
					"DEBUG=1",
					"$(inherited)",
				);
				GCC_WARN_64_TO_32_BIT_CONVERSION = YES;
				GCC_WARN_ABOUT_RETURN_TYPE = YES_ERROR;
				GCC_WARN_UNDECLARED_SELECTOR = YES;
				GCC_WARN_UNINITIALIZED_AUTOS = YES_AGGRESSIVE;
				GCC_WARN_UNUSED_FUNCTION = YES;
				GCC_WARN_UNUSED_VARIABLE = YES;
				IPHONEOS_DEPLOYMENT_TARGET = 9.3;
				MTL_ENABLE_DEBUG_INFO = YES;
				ONLY_ACTIVE_ARCH = YES;
				SDKROOT = iphoneos;
				SWIFT_OPTIMIZATION_LEVEL = "-Onone";
				TARGETED_DEVICE_FAMILY = "1,2";
			};
			name = Debug;
		};
		6D1195731D0E431E00202307 /* Release */ = {
			isa = XCBuildConfiguration;
			buildSettings = {
				ALWAYS_SEARCH_USER_PATHS = NO;
				CLANG_ANALYZER_NONNULL = YES;
				CLANG_CXX_LANGUAGE_STANDARD = "gnu++0x";
				CLANG_CXX_LIBRARY = "libc++";
				CLANG_ENABLE_MODULES = YES;
				CLANG_ENABLE_OBJC_ARC = YES;
				CLANG_WARN_BOOL_CONVERSION = YES;
				CLANG_WARN_CONSTANT_CONVERSION = YES;
				CLANG_WARN_DIRECT_OBJC_ISA_USAGE = YES_ERROR;
				CLANG_WARN_EMPTY_BODY = YES;
				CLANG_WARN_ENUM_CONVERSION = YES;
				CLANG_WARN_INT_CONVERSION = YES;
				CLANG_WARN_OBJC_ROOT_CLASS = YES_ERROR;
				CLANG_WARN_UNREACHABLE_CODE = YES;
				CLANG_WARN__DUPLICATE_METHOD_MATCH = YES;
				"CODE_SIGN_IDENTITY[sdk=iphoneos*]" = "iPhone Developer";
				COPY_PHASE_STRIP = NO;
				DEBUG_INFORMATION_FORMAT = "dwarf-with-dsym";
				ENABLE_NS_ASSERTIONS = NO;
				ENABLE_STRICT_OBJC_MSGSEND = YES;
				GCC_C_LANGUAGE_STANDARD = gnu99;
				GCC_NO_COMMON_BLOCKS = YES;
				GCC_WARN_64_TO_32_BIT_CONVERSION = YES;
				GCC_WARN_ABOUT_RETURN_TYPE = YES_ERROR;
				GCC_WARN_UNDECLARED_SELECTOR = YES;
				GCC_WARN_UNINITIALIZED_AUTOS = YES_AGGRESSIVE;
				GCC_WARN_UNUSED_FUNCTION = YES;
				GCC_WARN_UNUSED_VARIABLE = YES;
				IPHONEOS_DEPLOYMENT_TARGET = 9.3;
				MTL_ENABLE_DEBUG_INFO = NO;
				SDKROOT = iphoneos;
				TARGETED_DEVICE_FAMILY = "1,2";
				VALIDATE_PRODUCT = YES;
			};
			name = Release;
		};
		6D1195751D0E431E00202307 /* Debug */ = {
			isa = XCBuildConfiguration;
			buildSettings = {
				ASSETCATALOG_COMPILER_APPICON_NAME = AppIcon;
				INFOPLIST_FILE = VirtualTourist/Info.plist;
				LD_RUNPATH_SEARCH_PATHS = "$(inherited) @executable_path/Frameworks";
				PRODUCT_BUNDLE_IDENTIFIER = com.udacity.VirtualTourist;
				PRODUCT_NAME = "$(TARGET_NAME)";
			};
			name = Debug;
		};
		6D1195761D0E431E00202307 /* Release */ = {
			isa = XCBuildConfiguration;
			buildSettings = {
				ASSETCATALOG_COMPILER_APPICON_NAME = AppIcon;
				INFOPLIST_FILE = VirtualTourist/Info.plist;
				LD_RUNPATH_SEARCH_PATHS = "$(inherited) @executable_path/Frameworks";
				PRODUCT_BUNDLE_IDENTIFIER = com.udacity.VirtualTourist;
				PRODUCT_NAME = "$(TARGET_NAME)";
			};
			name = Release;
		};
		6D1195781D0E431E00202307 /* Debug */ = {
			isa = XCBuildConfiguration;
			buildSettings = {
				BUNDLE_LOADER = "$(TEST_HOST)";
				INFOPLIST_FILE = VirtualTouristTests/Info.plist;
				LD_RUNPATH_SEARCH_PATHS = "$(inherited) @executable_path/Frameworks @loader_path/Frameworks";
				PRODUCT_BUNDLE_IDENTIFIER = com.udacity.VirtualTouristTests;
				PRODUCT_NAME = "$(TARGET_NAME)";
				TEST_HOST = "$(BUILT_PRODUCTS_DIR)/VirtualTourist.app/VirtualTourist";
			};
			name = Debug;
		};
		6D1195791D0E431E00202307 /* Release */ = {
			isa = XCBuildConfiguration;
			buildSettings = {
				BUNDLE_LOADER = "$(TEST_HOST)";
				INFOPLIST_FILE = VirtualTouristTests/Info.plist;
				LD_RUNPATH_SEARCH_PATHS = "$(inherited) @executable_path/Frameworks @loader_path/Frameworks";
				PRODUCT_BUNDLE_IDENTIFIER = com.udacity.VirtualTouristTests;
				PRODUCT_NAME = "$(TARGET_NAME)";
				TEST_HOST = "$(BUILT_PRODUCTS_DIR)/VirtualTourist.app/VirtualTourist";
			};
			name = Release;
		};
		6D11957B1D0E431E00202307 /* Debug */ = {
			isa = XCBuildConfiguration;
			buildSettings = {
				INFOPLIST_FILE = VirtualTouristUITests/Info.plist;
				LD_RUNPATH_SEARCH_PATHS = "$(inherited) @executable_path/Frameworks @loader_path/Frameworks";
				PRODUCT_BUNDLE_IDENTIFIER = com.udacity.VirtualTouristUITests;
				PRODUCT_NAME = "$(TARGET_NAME)";
				TEST_TARGET_NAME = VirtualTourist;
			};
			name = Debug;
		};
		6D11957C1D0E431E00202307 /* Release */ = {
			isa = XCBuildConfiguration;
			buildSettings = {
				INFOPLIST_FILE = VirtualTouristUITests/Info.plist;
				LD_RUNPATH_SEARCH_PATHS = "$(inherited) @executable_path/Frameworks @loader_path/Frameworks";
				PRODUCT_BUNDLE_IDENTIFIER = com.udacity.VirtualTouristUITests;
				PRODUCT_NAME = "$(TARGET_NAME)";
				TEST_TARGET_NAME = VirtualTourist;
			};
			name = Release;
		};
/* End XCBuildConfiguration section */

/* Begin XCConfigurationList section */
		6D1195471D0E431E00202307 /* Build configuration list for PBXProject "VirtualTourist" */ = {
			isa = XCConfigurationList;
			buildConfigurations = (
				6D1195721D0E431E00202307 /* Debug */,
				6D1195731D0E431E00202307 /* Release */,
			);
			defaultConfigurationIsVisible = 0;
			defaultConfigurationName = Release;
		};
		6D1195741D0E431E00202307 /* Build configuration list for PBXNativeTarget "VirtualTourist" */ = {
			isa = XCConfigurationList;
			buildConfigurations = (
				6D1195751D0E431E00202307 /* Debug */,
				6D1195761D0E431E00202307 /* Release */,
			);
			defaultConfigurationIsVisible = 0;
			defaultConfigurationName = Release;
		};
		6D1195771D0E431E00202307 /* Build configuration list for PBXNativeTarget "VirtualTouristTests" */ = {
			isa = XCConfigurationList;
			buildConfigurations = (
				6D1195781D0E431E00202307 /* Debug */,
				6D1195791D0E431E00202307 /* Release */,
			);
			defaultConfigurationIsVisible = 0;
			defaultConfigurationName = Release;
		};
		6D11957A1D0E431E00202307 /* Build configuration list for PBXNativeTarget "VirtualTouristUITests" */ = {
			isa = XCConfigurationList;
			buildConfigurations = (
				6D11957B1D0E431E00202307 /* Debug */,
				6D11957C1D0E431E00202307 /* Release */,
			);
			defaultConfigurationIsVisible = 0;
			defaultConfigurationName = Release;
		};
/* End XCConfigurationList section */

/* Begin XCVersionGroup section */
		6D1195861D0E9B2000202307 /* Model.xcdatamodeld */ = {
			isa = XCVersionGroup;
			children = (
				6D1195991D0EAB3700202307 /* Model 2.xcdatamodel */,
				6D1195871D0E9B2000202307 /* Model.xcdatamodel */,
			);
			currentVersion = 6D1195871D0E9B2000202307 /* Model.xcdatamodel */;
			path = Model.xcdatamodeld;
			sourceTree = "<group>";
			versionGroupType = wrapper.xcdatamodel;
		};
/* End XCVersionGroup section */
	};
	rootObject = 6D1195441D0E431E00202307 /* Project object */;
}
